
Microsoft Visual Studio Solution File, Format Version 12.00
# Visual Studio Version 17
VisualStudioVersion = 17.0.31903.59
MinimumVisualStudioVersion = 10.0.40219.1
Project("{9A19103F-16F7-4668-BE54-9A1E7A4F7556}") = "DotNetMonitorSandBox", "DotNetMonitorSandBox\DotNetMonitorSandBox.csproj", "{D3EBA66A-C59C-4687-A802-466F28AC9D85}"
EndProject
Project("{2150E333-8FDC-42A3-9474-1A3956D46DE8}") = "Solution Items", "Solution Items", "{3765135A-134D-455C-A827-CC656627CFF3}"
	ProjectSection(SolutionItems) = preProject
		configmap.yaml = configmap.yaml
		deployment.yaml = deployment.yaml
	EndProjectSection
EndProject
Global
	GlobalSection(SolutionConfigurationPlatforms) = preSolution
		Debug|Any CPU = Debug|Any CPU
		Release|Any CPU = Release|Any CPU
	EndGlobalSection
	GlobalSection(ProjectConfigurationPlatforms) = postSolution
		{D3EBA66A-C59C-4687-A802-466F28AC9D85}.Debug|Any CPU.ActiveCfg = Debug|Any CPU
		{D3EBA66A-C59C-4687-A802-466F28AC9D85}.Debug|Any CPU.Build.0 = Debug|Any CPU
		{D3EBA66A-C59C-4687-A802-466F28AC9D85}.Release|Any CPU.ActiveCfg = Release|Any CPU
		{D3EBA66A-C59C-4687-A802-466F28AC9D85}.Release|Any CPU.Build.0 = Release|Any CPU
	EndGlobalSection
	GlobalSection(SolutionProperties) = preSolution
		HideSolutionNode = FALSE
	EndGlobalSection
	GlobalSection(ExtensibilityGlobals) = postSolution
		SolutionGuid = {65880B1D-A1BA-48B9-873D-9B6FB54A567E}
	EndGlobalSection
EndGlobal
